
Microsoft Visual Studio Solution File, Format Version 12.00
# Visual Studio Version 17
VisualStudioVersion = 17.8.34511.84
MinimumVisualStudioVersion = 10.0.40219.1
Project("{9A19103F-16F7-4668-BE54-9A1E7A4F7556}") = "GeoService_UI", "GeoService_UI\GeoService_UI.csproj", "{247EA907-EEBA-4AEF-9638-CFC1329F0124}"
EndProject
Global
	GlobalSection(SolutionConfigurationPlatforms) = preSolution
		Debug|Any CPU = Debug|Any CPU
		Release|Any CPU = Release|Any CPU
	EndGlobalSection
	GlobalSection(ProjectConfigurationPlatforms) = postSolution
		{247EA907-EEBA-4AEF-9638-CFC1329F0124}.Debug|Any CPU.ActiveCfg = Debug|Any CPU
		{247EA907-EEBA-4AEF-9638-CFC1329F0124}.Debug|Any CPU.Build.0 = Debug|Any CPU
		{247EA907-EEBA-4AEF-9638-CFC1329F0124}.Release|Any CPU.ActiveCfg = Release|Any CPU
		{247EA907-EEBA-4AEF-9638-CFC1329F0124}.Release|Any CPU.Build.0 = Release|Any CPU
	EndGlobalSection
	GlobalSection(SolutionProperties) = preSolution
		HideSolutionNode = FALSE
	EndGlobalSection
	GlobalSection(ExtensibilityGlobals) = postSolution
		SolutionGuid = {5A31BFD8-619A-423F-AC76-33ED5552EF18}
	EndGlobalSection
EndGlobal
